// !$*UTF8*$!
{
	archiveVersion = 1;
	classes = {
	};
	objectVersion = 50;
	objects = {

/* Begin PBXBuildFile section */
		C530FC682237E58500E9A376 /* AppDelegate.swift in Sources */ = {isa = PBXBuildFile; fileRef = C530FC672237E58500E9A376 /* AppDelegate.swift */; };
		C530FC6A2237E58500E9A376 /* ViewController.swift in Sources */ = {isa = PBXBuildFile; fileRef = C530FC692237E58500E9A376 /* ViewController.swift */; };
		C530FC6D2237E58500E9A376 /* Main.storyboard in Resources */ = {isa = PBXBuildFile; fileRef = C530FC6B2237E58500E9A376 /* Main.storyboard */; };
		C530FC6F2237E58700E9A376 /* Assets.xcassets in Resources */ = {isa = PBXBuildFile; fileRef = C530FC6E2237E58700E9A376 /* Assets.xcassets */; };
		C530FC722237E58700E9A376 /* LaunchScreen.storyboard in Resources */ = {isa = PBXBuildFile; fileRef = C530FC702237E58700E9A376 /* LaunchScreen.storyboard */; };
/* End PBXBuildFile section */

/* Begin PBXFileReference section */
		C530FC642237E58500E9A376 /* Stackoverflow#55051678.app */ = {isa = PBXFileReference; explicitFileType = wrapper.application; includeInIndex = 0; path = "Stackoverflow#55051678.app"; sourceTree = BUILT_PRODUCTS_DIR; };
		C530FC672237E58500E9A376 /* AppDelegate.swift */ = {isa = PBXFileReference; lastKnownFileType = sourcecode.swift; path = AppDelegate.swift; sourceTree = "<group>"; };
		C530FC692237E58500E9A376 /* ViewController.swift */ = {isa = PBXFileReference; lastKnownFileType = sourcecode.swift; path = ViewController.swift; sourceTree = "<group>"; };
		C530FC6C2237E58500E9A376 /* Base */ = {isa = PBXFileReference; lastKnownFileType = file.storyboard; name = Base; path = Base.lproj/Main.storyboard; sourceTree = "<group>"; };
		C530FC6E2237E58700E9A376 /* Assets.xcassets */ = {isa = PBXFileReference; lastKnownFileType = folder.assetcatalog; path = Assets.xcassets; sourceTree = "<group>"; };
		C530FC712237E58700E9A376 /* Base */ = {isa = PBXFileReference; lastKnownFileType = file.storyboard; name = Base; path = Base.lproj/LaunchScreen.storyboard; sourceTree = "<group>"; };
		C530FC732237E58700E9A376 /* Info.plist */ = {isa = PBXFileReference; lastKnownFileType = text.plist.xml; path = Info.plist; sourceTree = "<group>"; };
/* End PBXFileReference section */

/* Begin PBXFrameworksBuildPhase section */
		C530FC612237E58500E9A376 /* Frameworks */ = {
			isa = PBXFrameworksBuildPhase;
			buildActionMask = 2147483647;
			files = (
			);
			runOnlyForDeploymentPostprocessing = 0;
		};
/* End PBXFrameworksBuildPhase section */

/* Begin PBXGroup section */
		C530FC5B2237E58500E9A376 = {
			isa = PBXGroup;
			children = (
				C530FC662237E58500E9A376 /* Stackoverflow#55051678 */,
				C530FC652237E58500E9A376 /* Products */,
			);
			sourceTree = "<group>";
		};
		C530FC652237E58500E9A376 /* Products */ = {
			isa = PBXGroup;
			children = (
				C530FC642237E58500E9A376 /* Stackoverflow#55051678.app */,
			);
			name = Products;
			sourceTree = "<group>";
		};
		C530FC662237E58500E9A376 /* Stackoverflow#55051678 */ = {
			isa = PBXGroup;
			children = (
				C530FC672237E58500E9A376 /* AppDelegate.swift */,
				C530FC692237E58500E9A376 /* ViewController.swift */,
				C530FC6B2237E58500E9A376 /* Main.storyboard */,
				C530FC6E2237E58700E9A376 /* Assets.xcassets */,
				C530FC702237E58700E9A376 /* LaunchScreen.storyboard */,
				C530FC732237E58700E9A376 /* Info.plist */,
			);
			path = "Stackoverflow#55051678";
			sourceTree = "<group>";
		};
/* End PBXGroup section */

/* Begin PBXNativeTarget section */
		C530FC632237E58500E9A376 /* Stackoverflow#55051678 */ = {
			isa = PBXNativeTarget;
			buildConfigurationList = C530FC812237E58700E9A376 /* Build configuration list for PBXNativeTarget "Stackoverflow#55051678" */;
			buildPhases = (
				C530FC602237E58500E9A376 /* Sources */,
				C530FC612237E58500E9A376 /* Frameworks */,
				C530FC622237E58500E9A376 /* Resources */,
			);
			buildRules = (
			);
			dependencies = (
			);
			name = "Stackoverflow#55051678";
			productName = "Stackoverflow#55051678";
			productReference = C530FC642237E58500E9A376 /* Stackoverflow#55051678.app */;
			productType = "com.apple.product-type.application";
		};
/* End PBXNativeTarget section */

/* Begin PBXProject section */
		C530FC5C2237E58500E9A376 /* Project object */ = {
			isa = PBXProject;
			attributes = {
				LastSwiftUpdateCheck = 1010;
				LastUpgradeCheck = 1010;
				ORGANIZATIONNAME = "Francesco Puglisi";
				TargetAttributes = {
					C530FC632237E58500E9A376 = {
						CreatedOnToolsVersion = 10.1;
					};
				};
			};
			buildConfigurationList = C530FC5F2237E58500E9A376 /* Build configuration list for PBXProject "Stackoverflow#55051678" */;
			compatibilityVersion = "Xcode 9.3";
			developmentRegion = en;
			hasScannedForEncodings = 0;
			knownRegions = (
				en,
				Base,
			);
			mainGroup = C530FC5B2237E58500E9A376;
			productRefGroup = C530FC652237E58500E9A376 /* Products */;
			projectDirPath = "";
			projectRoot = "";
			targets = (
				C530FC632237E58500E9A376 /* Stackoverflow#55051678 */,
			);
		};
/* End PBXProject section */

/* Begin PBXResourcesBuildPhase section */
		C530FC622237E58500E9A376 /* Resources */ = {
			isa = PBXResourcesBuildPhase;
			buildActionMask = 2147483647;
			files = (
				C530FC722237E58700E9A376 /* LaunchScreen.storyboard in Resources */,
				C530FC6F2237E58700E9A376 /* Assets.xcassets in Resources */,
				C530FC6D2237E58500E9A376 /* Main.storyboard in Resources */,
			);
			runOnlyForDeploymentPostprocessing = 0;
		};
/* End PBXResourcesBuildPhase section */

/* Begin PBXSourcesBuildPhase section */
		C530FC602237E58500E9A376 /* Sources */ = {
			isa = PBXSourcesBuildPhase;
			buildActionMask = 2147483647;
			files = (
				C530FC6A2237E58500E9A376 /* ViewController.swift in Sources */,
				C530FC682237E58500E9A376 /* AppDelegate.swift in Sources */,
			);
			runOnlyForDeploymentPostprocessing = 0;
		};
/* End PBXSourcesBuildPhase section */

/* Begin PBXVariantGroup section */
		C530FC6B2237E58500E9A376 /* Main.storyboard */ = {
			isa = PBXVariantGroup;
			children = (
				C530FC6C2237E58500E9A376 /* Base */,
			);
			name = Main.storyboard;
			sourceTree = "<group>";
		};
		C530FC702237E58700E9A376 /* LaunchScreen.storyboard */ = {
			isa = PBXVariantGroup;
			children = (
				C530FC712237E58700E9A376 /* Base */,
			);
			name = LaunchScreen.storyboard;
			sourceTree = "<group>";
		};
/* End PBXVariantGroup section */

/* Begin XCBuildConfiguration section */
		C530FC7F2237E58700E9A376 /* Debug */ = {
			isa = XCBuildConfiguration;
			buildSettings = {
				ALWAYS_SEARCH_USER_PATHS = NO;
				CLANG_ANALYZER_NONNULL = YES;
				CLANG_ANALYZER_NUMBER_OBJECT_CONVERSION = YES_AGGRESSIVE;
				CLANG_CXX_LANGUAGE_STANDARD = "gnu++14";
				CLANG_CXX_LIBRARY = "libc++";
				CLANG_ENABLE_MODULES = YES;
				CLANG_ENABLE_OBJC_ARC = YES;
				CLANG_ENABLE_OBJC_WEAK = YES;
				CLANG_WARN_BLOCK_CAPTURE_AUTORELEASING = YES;
				CLANG_WARN_BOOL_CONVERSION = YES;
				CLANG_WARN_COMMA = YES;
				CLANG_WARN_CONSTANT_CONVERSION = YES;
				CLANG_WARN_DEPRECATED_OBJC_IMPLEMENTATIONS = YES;
				CLANG_WARN_DIRECT_OBJC_ISA_USAGE = YES_ERROR;
				CLANG_WARN_DOCUMENTATION_COMMENTS = YES;
				CLANG_WARN_EMPTY_BODY = YES;
				CLANG_WARN_ENUM_CONVERSION = YES;
				CLANG_WARN_INFINITE_RECURSION = YES;
				CLANG_WARN_INT_CONVERSION = YES;
				CLANG_WARN_NON_LITERAL_NULL_CONVERSION = YES;
				CLANG_WARN_OBJC_IMPLICIT_RETAIN_SELF = YES;
				CLANG_WARN_OBJC_LITERAL_CONVERSION = YES;
				CLANG_WARN_OBJC_ROOT_CLASS = YES_ERROR;
				CLANG_WARN_RANGE_LOOP_ANALYSIS = YES;
				CLANG_WARN_STRICT_PROTOTYPES = YES;
				CLANG_WARN_SUSPICIOUS_MOVE = YES;
				CLANG_WARN_UNGUARDED_AVAILABILITY = YES_AGGRESSIVE;
				CLANG_WARN_UNREACHABLE_CODE = YES;
				CLANG_WARN__DUPLICATE_METHOD_MATCH = YES;
				CODE_SIGN_IDENTITY = "iPhone Developer";
				COPY_PHASE_STRIP = NO;
				DEBUG_INFORMATION_FORMAT = dwarf;
				ENABLE_STRICT_OBJC_MSGSEND = YES;
				ENABLE_TESTABILITY = YES;
				GCC_C_LANGUAGE_STANDARD = gnu11;
				GCC_DYNAMIC_NO_PIC = NO;
				GCC_NO_COMMON_BLOCKS = YES;
				GCC_OPTIMIZATION_LEVEL = 0;
				GCC_PREPROCESSOR_DEFINITIONS = (
					"DEBUG=1",
					"$(inherited)",
				);
				GCC_WARN_64_TO_32_BIT_CONVERSION = YES;
				GCC_WARN_ABOUT_RETURN_TYPE = YES_ERROR;
				GCC_WARN_UNDECLARED_SELECTOR = YES;
				GCC_WARN_UNINITIALIZED_AUTOS = YES_AGGRESSIVE;
				GCC_WARN_UNUSED_FUNCTION = YES;
				GCC_WARN_UNUSED_VARIABLE = YES;
				IPHONEOS_DEPLOYMENT_TARGET = 12.1;
				MTL_ENABLE_DEBUG_INFO = INCLUDE_SOURCE;
				MTL_FAST_MATH = YES;
				ONLY_ACTIVE_ARCH = YES;
				SDKROOT = iphoneos;
				SWIFT_ACTIVE_COMPILATION_CONDITIONS = DEBUG;
				SWIFT_OPTIMIZATION_LEVEL = "-Onone";
			};
			name = Debug;
		};
		C530FC802237E58700E9A376 /* Release */ = {
			isa = XCBuildConfiguration;
			buildSettings = {
				ALWAYS_SEARCH_USER_PATHS = NO;
				CLANG_ANALYZER_NONNULL = YES;
				CLANG_ANALYZER_NUMBER_OBJECT_CONVERSION = YES_AGGRESSIVE;
				CLANG_CXX_LANGUAGE_STANDARD = "gnu++14";
				CLANG_CXX_LIBRARY = "libc++";
				CLANG_ENABLE_MODULES = YES;
				CLANG_ENABLE_OBJC_ARC = YES;
				CLANG_ENABLE_OBJC_WEAK = YES;
				CLANG_WARN_BLOCK_CAPTURE_AUTORELEASING = YES;
				CLANG_WARN_BOOL_CONVERSION = YES;
				CLANG_WARN_COMMA = YES;
				CLANG_WARN_CONSTANT_CONVERSION = YES;
				CLANG_WARN_DEPRECATED_OBJC_IMPLEMENTATIONS = YES;
				CLANG_WARN_DIRECT_OBJC_ISA_USAGE = YES_ERROR;
				CLANG_WARN_DOCUMENTATION_COMMENTS = YES;
				CLANG_WARN_EMPTY_BODY = YES;
				CLANG_WARN_ENUM_CONVERSION = YES;
				CLANG_WARN_INFINITE_RECURSION = YES;
				CLANG_WARN_INT_CONVERSION = YES;
				CLANG_WARN_NON_LITERAL_NULL_CONVERSION = YES;
				CLANG_WARN_OBJC_IMPLICIT_RETAIN_SELF = YES;
				CLANG_WARN_OBJC_LITERAL_CONVERSION = YES;
				CLANG_WARN_OBJC_ROOT_CLASS = YES_ERROR;
				CLANG_WARN_RANGE_LOOP_ANALYSIS = YES;
				CLANG_WARN_STRICT_PROTOTYPES = YES;
				CLANG_WARN_SUSPICIOUS_MOVE = YES;
				CLANG_WARN_UNGUARDED_AVAILABILITY = YES_AGGRESSIVE;
				CLANG_WARN_UNREACHABLE_CODE = YES;
				CLANG_WARN__DUPLICATE_METHOD_MATCH = YES;
				CODE_SIGN_IDENTITY = "iPhone Developer";
				COPY_PHASE_STRIP = NO;
				DEBUG_INFORMATION_FORMAT = "dwarf-with-dsym";
				ENABLE_NS_ASSERTIONS = NO;
				ENABLE_STRICT_OBJC_MSGSEND = YES;
				GCC_C_LANGUAGE_STANDARD = gnu11;
				GCC_NO_COMMON_BLOCKS = YES;
				GCC_WARN_64_TO_32_BIT_CONVERSION = YES;
				GCC_WARN_ABOUT_RETURN_TYPE = YES_ERROR;
				GCC_WARN_UNDECLARED_SELECTOR = YES;
				GCC_WARN_UNINITIALIZED_AUTOS = YES_AGGRESSIVE;
				GCC_WARN_UNUSED_FUNCTION = YES;
				GCC_WARN_UNUSED_VARIABLE = YES;
				IPHONEOS_DEPLOYMENT_TARGET = 12.1;
				MTL_ENABLE_DEBUG_INFO = NO;
				MTL_FAST_MATH = YES;
				SDKROOT = iphoneos;
				SWIFT_COMPILATION_MODE = wholemodule;
				SWIFT_OPTIMIZATION_LEVEL = "-O";
				VALIDATE_PRODUCT = YES;
			};
			name = Release;
		};
		C530FC822237E58700E9A376 /* Debug */ = {
			isa = XCBuildConfiguration;
			buildSettings = {
				ASSETCATALOG_COMPILER_APPICON_NAME = AppIcon;
				CODE_SIGN_STYLE = Automatic;
				INFOPLIST_FILE = "Stackoverflow#55051678/Info.plist";
				LD_RUNPATH_SEARCH_PATHS = (
					"$(inherited)",
					"@executable_path/Frameworks",
				);
				PRODUCT_BUNDLE_IDENTIFIER = "francescopuglisi.Stackoverflow-55051678";
				PRODUCT_NAME = "$(TARGET_NAME)";
				SWIFT_VERSION = 4.2;
				TARGETED_DEVICE_FAMILY = "1,2";
			};
			name = Debug;
		};
		C530FC832237E58700E9A376 /* Release */ = {
			isa = XCBuildConfiguration;
			buildSettings = {
				ASSETCATALOG_COMPILER_APPICON_NAME = AppIcon;
				CODE_SIGN_STYLE = Automatic;
				INFOPLIST_FILE = "Stackoverflow#55051678/Info.plist";
				LD_RUNPATH_SEARCH_PATHS = (
					"$(inherited)",
					"@executable_path/Frameworks",
				);
				PRODUCT_BUNDLE_IDENTIFIER = "francescopuglisi.Stackoverflow-55051678";
				PRODUCT_NAME = "$(TARGET_NAME)";
				SWIFT_VERSION = 4.2;
				TARGETED_DEVICE_FAMILY = "1,2";
			};
			name = Release;
		};
/* End XCBuildConfiguration section */

/* Begin XCConfigurationList section */
		C530FC5F2237E58500E9A376 /* Build configuration list for PBXProject "Stackoverflow#55051678" */ = {
			isa = XCConfigurationList;
			buildConfigurations = (
				C530FC7F2237E58700E9A376 /* Debug */,
				C530FC802237E58700E9A376 /* Release */,
			);
			defaultConfigurationIsVisible = 0;
			defaultConfigurationName = Release;
		};
		C530FC812237E58700E9A376 /* Build configuration list for PBXNativeTarget "Stackoverflow#55051678" */ = {
			isa = XCConfigurationList;
			buildConfigurations = (
				C530FC822237E58700E9A376 /* Debug */,
				C530FC832237E58700E9A376 /* Release */,
			);
			defaultConfigurationIsVisible = 0;
			defaultConfigurationName = Release;
		};
/* End XCConfigurationList section */
	};
	rootObject = C530FC5C2237E58500E9A376 /* Project object */;
}
